
Microsoft Visual Studio Solution File, Format Version 12.00
# Visual Studio Version 16
VisualStudioVersion = 16.0.28714.193
MinimumVisualStudioVersion = 10.0.40219.1
Project("{9A19103F-16F7-4668-BE54-9A1E7A4F7556}") = "Robots", "Robots\Robots.csproj", "{3896FB4D-9007-48FB-B302-6B289B15E9BF}"
EndProject
Project("{FAE04EC0-301F-11D3-BF4B-00C04F79EFBC}") = "RobotsStandalone", "RobotsStandalone\RobotsStandalone.csproj", "{2556FB1C-3A8D-469B-8553-46C66BCF8BE4}"
EndProject
Project("{9A19103F-16F7-4668-BE54-9A1E7A4F7556}") = "RobotsGH", "RobotsGH\RobotsGH.csproj", "{3E69607D-A2A9-4061-86E8-2EA7CCB79601}"
	ProjectSection(ProjectDependencies) = postProject
		{3896FB4D-9007-48FB-B302-6B289B15E9BF} = {3896FB4D-9007-48FB-B302-6B289B15E9BF}
	EndProjectSection
EndProject
Project("{2150E333-8FDC-42A3-9474-1A3956D46DE8}") = "Solution Items", "Solution Items", "{101C8522-302F-4233-A875-F76C3758F693}"
	ProjectSection(SolutionItems) = preProject
		.editorconfig = .editorconfig
	EndProjectSection
EndProject
Global
	GlobalSection(SolutionConfigurationPlatforms) = preSolution
		Debug|Any CPU = Debug|Any CPU
		Release|Any CPU = Release|Any CPU
	EndGlobalSection
	GlobalSection(ProjectConfigurationPlatforms) = postSolution
		{3896FB4D-9007-48FB-B302-6B289B15E9BF}.Debug|Any CPU.ActiveCfg = Debug|Any CPU
		{3896FB4D-9007-48FB-B302-6B289B15E9BF}.Debug|Any CPU.Build.0 = Debug|Any CPU
		{3896FB4D-9007-48FB-B302-6B289B15E9BF}.Release|Any CPU.ActiveCfg = Release|Any CPU
		{3896FB4D-9007-48FB-B302-6B289B15E9BF}.Release|Any CPU.Build.0 = Release|Any CPU
		{2556FB1C-3A8D-469B-8553-46C66BCF8BE4}.Debug|Any CPU.ActiveCfg = Debug|Any CPU
		{2556FB1C-3A8D-469B-8553-46C66BCF8BE4}.Debug|Any CPU.Build.0 = Debug|Any CPU
		{2556FB1C-3A8D-469B-8553-46C66BCF8BE4}.Release|Any CPU.ActiveCfg = Release|Any CPU
		{2556FB1C-3A8D-469B-8553-46C66BCF8BE4}.Release|Any CPU.Build.0 = Release|Any CPU
		{3E69607D-A2A9-4061-86E8-2EA7CCB79601}.Debug|Any CPU.ActiveCfg = Debug|Any CPU
		{3E69607D-A2A9-4061-86E8-2EA7CCB79601}.Debug|Any CPU.Build.0 = Debug|Any CPU
		{3E69607D-A2A9-4061-86E8-2EA7CCB79601}.Release|Any CPU.ActiveCfg = Release|Any CPU
		{3E69607D-A2A9-4061-86E8-2EA7CCB79601}.Release|Any CPU.Build.0 = Release|Any CPU
	EndGlobalSection
	GlobalSection(SolutionProperties) = preSolution
		HideSolutionNode = FALSE
	EndGlobalSection
	GlobalSection(ExtensibilityGlobals) = postSolution
		SolutionGuid = {3F543D57-184A-4A12-BA49-D25B411A1D05}
	EndGlobalSection
EndGlobal
